{
  "requires": true,
  "lockfileVersion": 1,
  "dependencies": {
    "@types/bson": {
      "version": "4.0.3",
      "resolved": "https://registry.npmjs.org/@types/bson/-/bson-4.0.3.tgz",
      "integrity": "sha512-mVRvYnTOZJz3ccpxhr3wgxVmSeiYinW+zlzQz3SXWaJmD1DuL05Jeq7nKw3SnbKmbleW5qrLG5vdyWe/A9sXhw==",
      "requires": {
        "@types/node": "*"
      }
    },
    "@types/mongodb": {
      "version": "3.6.7",
      "resolved": "https://registry.npmjs.org/@types/mongodb/-/mongodb-3.6.7.tgz",
      "integrity": "sha512-47P64kbkXarlleSMzSrRG04uzY+Dr3xAilOiqRIsqj/sZrmq6cUMx8njydY/iWMqi8IdE9ojFQl/X3ou9EsAlQ==",
      "requires": {
        "@types/bson": "*",
        "@types/node": "*"
      }
    },
    "@types/mongoose": {
      "version": "5.10.3",
      "resolved": "https://registry.npmjs.org/@types/mongoose/-/mongoose-5.10.3.tgz",
      "integrity": "sha512-VfdnaFImXEJZZiuL2ID/ysZs4inOIjxwrAnUgkr5eum2O2BLhFkiSI0i87AwignVva1qWTJ3H3DyM0Rf4USJ4A==",
      "requires": {
        "@types/mongodb": "*",
        "@types/node": "*"
      }
    },
    "@types/mongoose-paginate-v2": {
      "version": "1.3.9",
      "resolved": "https://registry.npmjs.org/@types/mongoose-paginate-v2/-/mongoose-paginate-v2-1.3.9.tgz",
      "integrity": "sha512-NHqTgOZRmi7gd/IkRJ2VXo88m0efKatLFrG63VEcAB98nO6nzbeRaXPUUgEFJ2Le6vleTE0WqvAuL0gO5IQF5A==",
      "requires": {
        "@types/mongoose": "*"
      }
    },
    "@types/node": {
      "version": "14.14.28",
      "resolved": "https://registry.npmjs.org/@types/node/-/node-14.14.28.tgz",
      "integrity": "sha512-lg55ArB+ZiHHbBBttLpzD07akz0QPrZgUODNakeC09i62dnrywr9mFErHuaPlB6I7z+sEbK+IYmplahvplCj2g=="
    },
    "mongoose-paginate-v2": {
      "version": "1.3.14",
      "resolved": "https://registry.npmjs.org/mongoose-paginate-v2/-/mongoose-paginate-v2-1.3.14.tgz",
      "integrity": "sha512-3esyrVGYun1s6r5c494zt6oYV6X9SwZ11TtCn4lfOs0rr0PVDK6HDXoSgScAnWjxpMiIMDAz2OIaBF5xM3fuaA=="
    }
  }
}
