{
  "requires": true,
  "lockfileVersion": 1,
  "dependencies": {
    "@types/bson": {
      "version": "4.0.3",
      "resolved": "https://registry.npmjs.org/@types/bson/-/bson-4.0.3.tgz",
      "integrity": "sha512-mVRvYnTOZJz3ccpxhr3wgxVmSeiYinW+zlzQz3SXWaJmD1DuL05Jeq7nKw3SnbKmbleW5qrLG5vdyWe/A9sXhw==",
      "requires": {
        "@types/node": "*"
      }
    },
    "@types/mongodb": {
      "version": "3.6.8",
      "resolved": "https://registry.npmjs.org/@types/mongodb/-/mongodb-3.6.8.tgz",
      "integrity": "sha512-8qNbL5/GFrljXc/QijcuQcUMYZ1iWNcqnJ6tneROwbfU0LsAjQ9bmq3aHi5lWXM4cyBPd2F/n9INAk/pZZttHw==",
      "requires": {
        "@types/bson": "*",
        "@types/node": "*"
      }
    },
    "@types/mongoose": {
      "version": "5.10.3",
      "resolved": "https://registry.npmjs.org/@types/mongoose/-/mongoose-5.10.3.tgz",
      "integrity": "sha512-VfdnaFImXEJZZiuL2ID/ysZs4inOIjxwrAnUgkr5eum2O2BLhFkiSI0i87AwignVva1qWTJ3H3DyM0Rf4USJ4A==",
      "requires": {
        "@types/mongodb": "*",
        "@types/node": "*"
      }
    },
    "@types/mongoose-paginate-v2": {
      "version": "1.3.9",
      "resolved": "https://registry.npmjs.org/@types/mongoose-paginate-v2/-/mongoose-paginate-v2-1.3.9.tgz",
      "integrity": "sha512-NHqTgOZRmi7gd/IkRJ2VXo88m0efKatLFrG63VEcAB98nO6nzbeRaXPUUgEFJ2Le6vleTE0WqvAuL0gO5IQF5A==",
      "requires": {
        "@types/mongoose": "*"
      }
    },
    "@types/node": {
      "version": "14.14.31",
      "resolved": "https://registry.npmjs.org/@types/node/-/node-14.14.31.tgz",
      "integrity": "sha512-vFHy/ezP5qI0rFgJ7aQnjDXwAMrG0KqqIH7tQG5PPv3BWBayOPIQNBjVc/P6hhdZfMx51REc6tfDNXHUio893g=="
    },
    "mongoose-paginate-v2": {
      "version": "1.3.16",
      "resolved": "https://registry.npmjs.org/mongoose-paginate-v2/-/mongoose-paginate-v2-1.3.16.tgz",
      "integrity": "sha512-Q82qknonODcJOGt4Q7gX9l1kjrL546yPCslIQTL/7b14zvQ4NFcLNOI2aspfGZwYCOSaH4OnZzqpUOPb9mbDGw=="
    }
  }
}
